
Microsoft Visual Studio Solution File, Format Version 12.00
# Visual Studio Version 16
VisualStudioVersion = 16.0.31424.327
MinimumVisualStudioVersion = 10.0.40219.1
Project("{FAE04EC0-301F-11D3-BF4B-00C04F79EFBC}") = "For-jenkins-integration", "For-jenkins-integration\For-jenkins-integration.csproj", "{380B60FA-0A0A-4191-A277-2E18EA70CB19}"
EndProject
Global
	GlobalSection(SolutionConfigurationPlatforms) = preSolution
		Debug|Any CPU = Debug|Any CPU
		Release|Any CPU = Release|Any CPU
	EndGlobalSection
	GlobalSection(ProjectConfigurationPlatforms) = postSolution
		{380B60FA-0A0A-4191-A277-2E18EA70CB19}.Debug|Any CPU.ActiveCfg = Debug|Any CPU
		{380B60FA-0A0A-4191-A277-2E18EA70CB19}.Debug|Any CPU.Build.0 = Debug|Any CPU
		{380B60FA-0A0A-4191-A277-2E18EA70CB19}.Release|Any CPU.ActiveCfg = Release|Any CPU
		{380B60FA-0A0A-4191-A277-2E18EA70CB19}.Release|Any CPU.Build.0 = Release|Any CPU
	EndGlobalSection
	GlobalSection(SolutionProperties) = preSolution
		HideSolutionNode = FALSE
	EndGlobalSection
	GlobalSection(ExtensibilityGlobals) = postSolution
		SolutionGuid = {6AFCA6CE-0D9C-4725-B838-463FEFA32211}
	EndGlobalSection
EndGlobal
